
Microsoft Visual Studio Solution File, Format Version 12.00
# Visual Studio 14
VisualStudioVersion = 14.0.24720.0
MinimumVisualStudioVersion = 10.0.40219.1
Project("{FAE04EC0-301F-11D3-BF4B-00C04F79EFBC}") = "Phoneword", "Phoneword\Phoneword\Phoneword.csproj", "{1B44B791-AB86-4E4B-AB74-FBAB414F6993}"
EndProject
Project("{FAE04EC0-301F-11D3-BF4B-00C04F79EFBC}") = "Phoneword.Droid", "Phoneword\Phoneword.Droid\Phoneword.Droid.csproj", "{95E2634E-57C0-47D1-B739-BE6C1900695E}"
EndProject
Project("{FAE04EC0-301F-11D3-BF4B-00C04F79EFBC}") = "Phoneword.iOS", "Phoneword\Phoneword.iOS\Phoneword.iOS.csproj", "{97CB8422-2955-47CD-997F-74BBEDB6F76D}"
EndProject
Project("{FAE04EC0-301F-11D3-BF4B-00C04F79EFBC}") = "Phoneword.WinPhone", "Phoneword\Phoneword.WinPhone\Phoneword.WinPhone.csproj", "{7B4B8FD2-263C-4B70-B72A-5E1F9B49196D}"
EndProject
Project("{FAE04EC0-301F-11D3-BF4B-00C04F79EFBC}") = "Phoneword.UWP", "Phoneword\Phoneword.UWP\Phoneword.UWP.csproj", "{664BE61B-5ED6-4D1C-96A1-1E594B653D75}"
EndProject
Project("{FAE04EC0-301F-11D3-BF4B-00C04F79EFBC}") = "Phoneword.Windows", "Phoneword\Phoneword.Windows\Phoneword.Windows.csproj", "{6FBC9F36-AABC-4EE4-A2DB-C6405B51D46B}"
EndProject
Global
	GlobalSection(SolutionConfigurationPlatforms) = preSolution
		Ad-Hoc|Any CPU = Ad-Hoc|Any CPU
		Ad-Hoc|ARM = Ad-Hoc|ARM
		Ad-Hoc|iPhone = Ad-Hoc|iPhone
		Ad-Hoc|iPhoneSimulator = Ad-Hoc|iPhoneSimulator
		Ad-Hoc|x64 = Ad-Hoc|x64
		Ad-Hoc|x86 = Ad-Hoc|x86
		AppStore|Any CPU = AppStore|Any CPU
		AppStore|ARM = AppStore|ARM
		AppStore|iPhone = AppStore|iPhone
		AppStore|iPhoneSimulator = AppStore|iPhoneSimulator
		AppStore|x64 = AppStore|x64
		AppStore|x86 = AppStore|x86
		Debug|Any CPU = Debug|Any CPU
		Debug|ARM = Debug|ARM
		Debug|iPhone = Debug|iPhone
		Debug|iPhoneSimulator = Debug|iPhoneSimulator
		Debug|x64 = Debug|x64
		Debug|x86 = Debug|x86
		Release|Any CPU = Release|Any CPU
		Release|ARM = Release|ARM
		Release|iPhone = Release|iPhone
		Release|iPhoneSimulator = Release|iPhoneSimulator
		Release|x64 = Release|x64
		Release|x86 = Release|x86
	EndGlobalSection
	GlobalSection(ProjectConfigurationPlatforms) = postSolution
		{1B44B791-AB86-4E4B-AB74-FBAB414F6993}.Ad-Hoc|Any CPU.ActiveCfg = Release|Any CPU
		{1B44B791-AB86-4E4B-AB74-FBAB414F6993}.Ad-Hoc|Any CPU.Build.0 = Release|Any CPU
		{1B44B791-AB86-4E4B-AB74-FBAB414F6993}.Ad-Hoc|ARM.ActiveCfg = Release|Any CPU
		{1B44B791-AB86-4E4B-AB74-FBAB414F6993}.Ad-Hoc|ARM.Build.0 = Release|Any CPU
		{1B44B791-AB86-4E4B-AB74-FBAB414F6993}.Ad-Hoc|iPhone.ActiveCfg = Release|Any CPU
		{1B44B791-AB86-4E4B-AB74-FBAB414F6993}.Ad-Hoc|iPhone.Build.0 = Release|Any CPU
		{1B44B791-AB86-4E4B-AB74-FBAB414F6993}.Ad-Hoc|iPhoneSimulator.ActiveCfg = Release|Any CPU
		{1B44B791-AB86-4E4B-AB74-FBAB414F6993}.Ad-Hoc|iPhoneSimulator.Build.0 = Release|Any CPU
		{1B44B791-AB86-4E4B-AB74-FBAB414F6993}.Ad-Hoc|x64.ActiveCfg = Release|Any CPU
		{1B44B791-AB86-4E4B-AB74-FBAB414F6993}.Ad-Hoc|x64.Build.0 = Release|Any CPU
		{1B44B791-AB86-4E4B-AB74-FBAB414F6993}.Ad-Hoc|x86.ActiveCfg = Release|Any CPU
		{1B44B791-AB86-4E4B-AB74-FBAB414F6993}.Ad-Hoc|x86.Build.0 = Release|Any CPU
		{1B44B791-AB86-4E4B-AB74-FBAB414F6993}.AppStore|Any CPU.ActiveCfg = Release|Any CPU
		{1B44B791-AB86-4E4B-AB74-FBAB414F6993}.AppStore|Any CPU.Build.0 = Release|Any CPU
		{1B44B791-AB86-4E4B-AB74-FBAB414F6993}.AppStore|ARM.ActiveCfg = Release|Any CPU
		{1B44B791-AB86-4E4B-AB74-FBAB414F6993}.AppStore|ARM.Build.0 = Release|Any CPU
		{1B44B791-AB86-4E4B-AB74-FBAB414F6993}.AppStore|iPhone.ActiveCfg = Release|Any CPU
		{1B44B791-AB86-4E4B-AB74-FBAB414F6993}.AppStore|iPhone.Build.0 = Release|Any CPU
		{1B44B791-AB86-4E4B-AB74-FBAB414F6993}.AppStore|iPhoneSimulator.ActiveCfg = Release|Any CPU
		{1B44B791-AB86-4E4B-AB74-FBAB414F6993}.AppStore|iPhoneSimulator.Build.0 = Release|Any CPU
		{1B44B791-AB86-4E4B-AB74-FBAB414F6993}.AppStore|x64.ActiveCfg = Release|Any CPU
		{1B44B791-AB86-4E4B-AB74-FBAB414F6993}.AppStore|x64.Build.0 = Release|Any CPU
		{1B44B791-AB86-4E4B-AB74-FBAB414F6993}.AppStore|x86.ActiveCfg = Release|Any CPU
		{1B44B791-AB86-4E4B-AB74-FBAB414F6993}.AppStore|x86.Build.0 = Release|Any CPU
		{1B44B791-AB86-4E4B-AB74-FBAB414F6993}.Debug|Any CPU.ActiveCfg = Debug|Any CPU
		{1B44B791-AB86-4E4B-AB74-FBAB414F6993}.Debug|Any CPU.Build.0 = Debug|Any CPU
		{1B44B791-AB86-4E4B-AB74-FBAB414F6993}.Debug|ARM.ActiveCfg = Debug|Any CPU
		{1B44B791-AB86-4E4B-AB74-FBAB414F6993}.Debug|ARM.Build.0 = Debug|Any CPU
		{1B44B791-AB86-4E4B-AB74-FBAB414F6993}.Debug|iPhone.ActiveCfg = Debug|Any CPU
		{1B44B791-AB86-4E4B-AB74-FBAB414F6993}.Debug|iPhone.Build.0 = Debug|Any CPU
		{1B44B791-AB86-4E4B-AB74-FBAB414F6993}.Debug|iPhoneSimulator.ActiveCfg = Debug|Any CPU
		{1B44B791-AB86-4E4B-AB74-FBAB414F6993}.Debug|iPhoneSimulator.Build.0 = Debug|Any CPU
		{1B44B791-AB86-4E4B-AB74-FBAB414F6993}.Debug|x64.ActiveCfg = Debug|Any CPU
		{1B44B791-AB86-4E4B-AB74-FBAB414F6993}.Debug|x64.Build.0 = Debug|Any CPU
		{1B44B791-AB86-4E4B-AB74-FBAB414F6993}.Debug|x86.ActiveCfg = Debug|Any CPU
		{1B44B791-AB86-4E4B-AB74-FBAB414F6993}.Debug|x86.Build.0 = Debug|Any CPU
		{1B44B791-AB86-4E4B-AB74-FBAB414F6993}.Release|Any CPU.ActiveCfg = Release|Any CPU
		{1B44B791-AB86-4E4B-AB74-FBAB414F6993}.Release|Any CPU.Build.0 = Release|Any CPU
		{1B44B791-AB86-4E4B-AB74-FBAB414F6993}.Release|ARM.ActiveCfg = Release|Any CPU
		{1B44B791-AB86-4E4B-AB74-FBAB414F6993}.Release|ARM.Build.0 = Release|Any CPU
		{1B44B791-AB86-4E4B-AB74-FBAB414F6993}.Release|iPhone.ActiveCfg = Release|Any CPU
		{1B44B791-AB86-4E4B-AB74-FBAB414F6993}.Release|iPhone.Build.0 = Release|Any CPU
		{1B44B791-AB86-4E4B-AB74-FBAB414F6993}.Release|iPhoneSimulator.ActiveCfg = Release|Any CPU
		{1B44B791-AB86-4E4B-AB74-FBAB414F6993}.Release|iPhoneSimulator.Build.0 = Release|Any CPU
		{1B44B791-AB86-4E4B-AB74-FBAB414F6993}.Release|x64.ActiveCfg = Release|Any CPU
		{1B44B791-AB86-4E4B-AB74-FBAB414F6993}.Release|x64.Build.0 = Release|Any CPU
		{1B44B791-AB86-4E4B-AB74-FBAB414F6993}.Release|x86.ActiveCfg = Release|Any CPU
		{1B44B791-AB86-4E4B-AB74-FBAB414F6993}.Release|x86.Build.0 = Release|Any CPU
		{95E2634E-57C0-47D1-B739-BE6C1900695E}.Ad-Hoc|Any CPU.ActiveCfg = Release|Any CPU
		{95E2634E-57C0-47D1-B739-BE6C1900695E}.Ad-Hoc|Any CPU.Build.0 = Release|Any CPU
		{95E2634E-57C0-47D1-B739-BE6C1900695E}.Ad-Hoc|Any CPU.Deploy.0 = Release|Any CPU
		{95E2634E-57C0-47D1-B739-BE6C1900695E}.Ad-Hoc|ARM.ActiveCfg = Release|Any CPU
		{95E2634E-57C0-47D1-B739-BE6C1900695E}.Ad-Hoc|ARM.Build.0 = Release|Any CPU
		{95E2634E-57C0-47D1-B739-BE6C1900695E}.Ad-Hoc|ARM.Deploy.0 = Release|Any CPU
		{95E2634E-57C0-47D1-B739-BE6C1900695E}.Ad-Hoc|iPhone.ActiveCfg = Release|Any CPU
		{95E2634E-57C0-47D1-B739-BE6C1900695E}.Ad-Hoc|iPhone.Build.0 = Release|Any CPU
		{95E2634E-57C0-47D1-B739-BE6C1900695E}.Ad-Hoc|iPhone.Deploy.0 = Release|Any CPU
		{95E2634E-57C0-47D1-B739-BE6C1900695E}.Ad-Hoc|iPhoneSimulator.ActiveCfg = Release|Any CPU
		{95E2634E-57C0-47D1-B739-BE6C1900695E}.Ad-Hoc|iPhoneSimulator.Build.0 = Release|Any CPU
		{95E2634E-57C0-47D1-B739-BE6C1900695E}.Ad-Hoc|iPhoneSimulator.Deploy.0 = Release|Any CPU
		{95E2634E-57C0-47D1-B739-BE6C1900695E}.Ad-Hoc|x64.ActiveCfg = Release|Any CPU
		{95E2634E-57C0-47D1-B739-BE6C1900695E}.Ad-Hoc|x64.Build.0 = Release|Any CPU
		{95E2634E-57C0-47D1-B739-BE6C1900695E}.Ad-Hoc|x64.Deploy.0 = Release|Any CPU
		{95E2634E-57C0-47D1-B739-BE6C1900695E}.Ad-Hoc|x86.ActiveCfg = Release|Any CPU
		{95E2634E-57C0-47D1-B739-BE6C1900695E}.Ad-Hoc|x86.Build.0 = Release|Any CPU
		{95E2634E-57C0-47D1-B739-BE6C1900695E}.Ad-Hoc|x86.Deploy.0 = Release|Any CPU
		{95E2634E-57C0-47D1-B739-BE6C1900695E}.AppStore|Any CPU.ActiveCfg = Release|Any CPU
		{95E2634E-57C0-47D1-B739-BE6C1900695E}.AppStore|Any CPU.Build.0 = Release|Any CPU
		{95E2634E-57C0-47D1-B739-BE6C1900695E}.AppStore|Any CPU.Deploy.0 = Release|Any CPU
		{95E2634E-57C0-47D1-B739-BE6C1900695E}.AppStore|ARM.ActiveCfg = Release|Any CPU
		{95E2634E-57C0-47D1-B739-BE6C1900695E}.AppStore|ARM.Build.0 = Release|Any CPU
		{95E2634E-57C0-47D1-B739-BE6C1900695E}.AppStore|ARM.Deploy.0 = Release|Any CPU
		{95E2634E-57C0-47D1-B739-BE6C1900695E}.AppStore|iPhone.ActiveCfg = Release|Any CPU
		{95E2634E-57C0-47D1-B739-BE6C1900695E}.AppStore|iPhone.Build.0 = Release|Any CPU
		{95E2634E-57C0-47D1-B739-BE6C1900695E}.AppStore|iPhone.Deploy.0 = Release|Any CPU
		{95E2634E-57C0-47D1-B739-BE6C1900695E}.AppStore|iPhoneSimulator.ActiveCfg = Release|Any CPU
		{95E2634E-57C0-47D1-B739-BE6C1900695E}.AppStore|iPhoneSimulator.Build.0 = Release|Any CPU
		{95E2634E-57C0-47D1-B739-BE6C1900695E}.AppStore|iPhoneSimulator.Deploy.0 = Release|Any CPU
		{95E2634E-57C0-47D1-B739-BE6C1900695E}.AppStore|x64.ActiveCfg = Release|Any CPU
		{95E2634E-57C0-47D1-B739-BE6C1900695E}.AppStore|x64.Build.0 = Release|Any CPU
		{95E2634E-57C0-47D1-B739-BE6C1900695E}.AppStore|x64.Deploy.0 = Release|Any CPU
		{95E2634E-57C0-47D1-B739-BE6C1900695E}.AppStore|x86.ActiveCfg = Release|Any CPU
		{95E2634E-57C0-47D1-B739-BE6C1900695E}.AppStore|x86.Build.0 = Release|Any CPU
		{95E2634E-57C0-47D1-B739-BE6C1900695E}.AppStore|x86.Deploy.0 = Release|Any CPU
		{95E2634E-57C0-47D1-B739-BE6C1900695E}.Debug|Any CPU.ActiveCfg = Debug|Any CPU
		{95E2634E-57C0-47D1-B739-BE6C1900695E}.Debug|Any CPU.Build.0 = Debug|Any CPU
		{95E2634E-57C0-47D1-B739-BE6C1900695E}.Debug|Any CPU.Deploy.0 = Debug|Any CPU
		{95E2634E-57C0-47D1-B739-BE6C1900695E}.Debug|ARM.ActiveCfg = Debug|Any CPU
		{95E2634E-57C0-47D1-B739-BE6C1900695E}.Debug|ARM.Build.0 = Debug|Any CPU
		{95E2634E-57C0-47D1-B739-BE6C1900695E}.Debug|ARM.Deploy.0 = Debug|Any CPU
		{95E2634E-57C0-47D1-B739-BE6C1900695E}.Debug|iPhone.ActiveCfg = Debug|Any CPU
		{95E2634E-57C0-47D1-B739-BE6C1900695E}.Debug|iPhone.Build.0 = Debug|Any CPU
		{95E2634E-57C0-47D1-B739-BE6C1900695E}.Debug|iPhone.Deploy.0 = Debug|Any CPU
		{95E2634E-57C0-47D1-B739-BE6C1900695E}.Debug|iPhoneSimulator.ActiveCfg = Debug|Any CPU
		{95E2634E-57C0-47D1-B739-BE6C1900695E}.Debug|iPhoneSimulator.Build.0 = Debug|Any CPU
		{95E2634E-57C0-47D1-B739-BE6C1900695E}.Debug|iPhoneSimulator.Deploy.0 = Debug|Any CPU
		{95E2634E-57C0-47D1-B739-BE6C1900695E}.Debug|x64.ActiveCfg = Debug|Any CPU
		{95E2634E-57C0-47D1-B739-BE6C1900695E}.Debug|x64.Build.0 = Debug|Any CPU
		{95E2634E-57C0-47D1-B739-BE6C1900695E}.Debug|x64.Deploy.0 = Debug|Any CPU
		{95E2634E-57C0-47D1-B739-BE6C1900695E}.Debug|x86.ActiveCfg = Debug|Any CPU
		{95E2634E-57C0-47D1-B739-BE6C1900695E}.Debug|x86.Build.0 = Debug|Any CPU
		{95E2634E-57C0-47D1-B739-BE6C1900695E}.Debug|x86.Deploy.0 = Debug|Any CPU
		{95E2634E-57C0-47D1-B739-BE6C1900695E}.Release|Any CPU.ActiveCfg = Release|Any CPU
		{95E2634E-57C0-47D1-B739-BE6C1900695E}.Release|Any CPU.Build.0 = Release|Any CPU
		{95E2634E-57C0-47D1-B739-BE6C1900695E}.Release|Any CPU.Deploy.0 = Release|Any CPU
		{95E2634E-57C0-47D1-B739-BE6C1900695E}.Release|ARM.ActiveCfg = Release|Any CPU
		{95E2634E-57C0-47D1-B739-BE6C1900695E}.Release|ARM.Build.0 = Release|Any CPU
		{95E2634E-57C0-47D1-B739-BE6C1900695E}.Release|ARM.Deploy.0 = Release|Any CPU
		{95E2634E-57C0-47D1-B739-BE6C1900695E}.Release|iPhone.ActiveCfg = Release|Any CPU
		{95E2634E-57C0-47D1-B739-BE6C1900695E}.Release|iPhone.Build.0 = Release|Any CPU
		{95E2634E-57C0-47D1-B739-BE6C1900695E}.Release|iPhone.Deploy.0 = Release|Any CPU
		{95E2634E-57C0-47D1-B739-BE6C1900695E}.Release|iPhoneSimulator.ActiveCfg = Release|Any CPU
		{95E2634E-57C0-47D1-B739-BE6C1900695E}.Release|iPhoneSimulator.Build.0 = Release|Any CPU
		{95E2634E-57C0-47D1-B739-BE6C1900695E}.Release|iPhoneSimulator.Deploy.0 = Release|Any CPU
		{95E2634E-57C0-47D1-B739-BE6C1900695E}.Release|x64.ActiveCfg = Release|Any CPU
		{95E2634E-57C0-47D1-B739-BE6C1900695E}.Release|x64.Build.0 = Release|Any CPU
		{95E2634E-57C0-47D1-B739-BE6C1900695E}.Release|x64.Deploy.0 = Release|Any CPU
		{95E2634E-57C0-47D1-B739-BE6C1900695E}.Release|x86.ActiveCfg = Release|Any CPU
		{95E2634E-57C0-47D1-B739-BE6C1900695E}.Release|x86.Build.0 = Release|Any CPU
		{95E2634E-57C0-47D1-B739-BE6C1900695E}.Release|x86.Deploy.0 = Release|Any CPU
		{97CB8422-2955-47CD-997F-74BBEDB6F76D}.Ad-Hoc|Any CPU.ActiveCfg = Ad-Hoc|iPhone
		{97CB8422-2955-47CD-997F-74BBEDB6F76D}.Ad-Hoc|ARM.ActiveCfg = Ad-Hoc|iPhone
		{97CB8422-2955-47CD-997F-74BBEDB6F76D}.Ad-Hoc|iPhone.ActiveCfg = Ad-Hoc|iPhone
		{97CB8422-2955-47CD-997F-74BBEDB6F76D}.Ad-Hoc|iPhone.Build.0 = Ad-Hoc|iPhone
		{97CB8422-2955-47CD-997F-74BBEDB6F76D}.Ad-Hoc|iPhoneSimulator.ActiveCfg = Ad-Hoc|iPhoneSimulator
		{97CB8422-2955-47CD-997F-74BBEDB6F76D}.Ad-Hoc|iPhoneSimulator.Build.0 = Ad-Hoc|iPhoneSimulator
		{97CB8422-2955-47CD-997F-74BBEDB6F76D}.Ad-Hoc|x64.ActiveCfg = Ad-Hoc|iPhone
		{97CB8422-2955-47CD-997F-74BBEDB6F76D}.Ad-Hoc|x86.ActiveCfg = Ad-Hoc|iPhone
		{97CB8422-2955-47CD-997F-74BBEDB6F76D}.AppStore|Any CPU.ActiveCfg = AppStore|iPhone
		{97CB8422-2955-47CD-997F-74BBEDB6F76D}.AppStore|ARM.ActiveCfg = AppStore|iPhone
		{97CB8422-2955-47CD-997F-74BBEDB6F76D}.AppStore|iPhone.ActiveCfg = AppStore|iPhone
		{97CB8422-2955-47CD-997F-74BBEDB6F76D}.AppStore|iPhone.Build.0 = AppStore|iPhone
		{97CB8422-2955-47CD-997F-74BBEDB6F76D}.AppStore|iPhoneSimulator.ActiveCfg = AppStore|iPhoneSimulator
		{97CB8422-2955-47CD-997F-74BBEDB6F76D}.AppStore|iPhoneSimulator.Build.0 = AppStore|iPhoneSimulator
		{97CB8422-2955-47CD-997F-74BBEDB6F76D}.AppStore|x64.ActiveCfg = AppStore|iPhone
		{97CB8422-2955-47CD-997F-74BBEDB6F76D}.AppStore|x86.ActiveCfg = AppStore|iPhone
		{97CB8422-2955-47CD-997F-74BBEDB6F76D}.Debug|Any CPU.ActiveCfg = Debug|iPhone
		{97CB8422-2955-47CD-997F-74BBEDB6F76D}.Debug|ARM.ActiveCfg = Debug|iPhone
		{97CB8422-2955-47CD-997F-74BBEDB6F76D}.Debug|iPhone.ActiveCfg = Debug|iPhone
		{97CB8422-2955-47CD-997F-74BBEDB6F76D}.Debug|iPhone.Build.0 = Debug|iPhone
		{97CB8422-2955-47CD-997F-74BBEDB6F76D}.Debug|iPhoneSimulator.ActiveCfg = Debug|iPhoneSimulator
		{97CB8422-2955-47CD-997F-74BBEDB6F76D}.Debug|iPhoneSimulator.Build.0 = Debug|iPhoneSimulator
		{97CB8422-2955-47CD-997F-74BBEDB6F76D}.Debug|x64.ActiveCfg = Debug|iPhone
		{97CB8422-2955-47CD-997F-74BBEDB6F76D}.Debug|x86.ActiveCfg = Debug|iPhone
		{97CB8422-2955-47CD-997F-74BBEDB6F76D}.Release|Any CPU.ActiveCfg = Release|iPhone
		{97CB8422-2955-47CD-997F-74BBEDB6F76D}.Release|ARM.ActiveCfg = Release|iPhone
		{97CB8422-2955-47CD-997F-74BBEDB6F76D}.Release|iPhone.ActiveCfg = Release|iPhone
		{97CB8422-2955-47CD-997F-74BBEDB6F76D}.Release|iPhone.Build.0 = Release|iPhone
		{97CB8422-2955-47CD-997F-74BBEDB6F76D}.Release|iPhoneSimulator.ActiveCfg = Release|iPhoneSimulator
		{97CB8422-2955-47CD-997F-74BBEDB6F76D}.Release|iPhoneSimulator.Build.0 = Release|iPhoneSimulator
		{97CB8422-2955-47CD-997F-74BBEDB6F76D}.Release|x64.ActiveCfg = Release|iPhone
		{97CB8422-2955-47CD-997F-74BBEDB6F76D}.Release|x86.ActiveCfg = Release|iPhone
		{7B4B8FD2-263C-4B70-B72A-5E1F9B49196D}.Ad-Hoc|Any CPU.ActiveCfg = Release|Any CPU
		{7B4B8FD2-263C-4B70-B72A-5E1F9B49196D}.Ad-Hoc|Any CPU.Build.0 = Release|Any CPU
		{7B4B8FD2-263C-4B70-B72A-5E1F9B49196D}.Ad-Hoc|Any CPU.Deploy.0 = Release|Any CPU
		{7B4B8FD2-263C-4B70-B72A-5E1F9B49196D}.Ad-Hoc|ARM.ActiveCfg = Release|ARM
		{7B4B8FD2-263C-4B70-B72A-5E1F9B49196D}.Ad-Hoc|ARM.Build.0 = Release|ARM
		{7B4B8FD2-263C-4B70-B72A-5E1F9B49196D}.Ad-Hoc|ARM.Deploy.0 = Release|ARM
		{7B4B8FD2-263C-4B70-B72A-5E1F9B49196D}.Ad-Hoc|iPhone.ActiveCfg = Release|Any CPU
		{7B4B8FD2-263C-4B70-B72A-5E1F9B49196D}.Ad-Hoc|iPhone.Build.0 = Release|Any CPU
		{7B4B8FD2-263C-4B70-B72A-5E1F9B49196D}.Ad-Hoc|iPhone.Deploy.0 = Release|Any CPU
		{7B4B8FD2-263C-4B70-B72A-5E1F9B49196D}.Ad-Hoc|iPhoneSimulator.ActiveCfg = Release|Any CPU
		{7B4B8FD2-263C-4B70-B72A-5E1F9B49196D}.Ad-Hoc|iPhoneSimulator.Build.0 = Release|Any CPU
		{7B4B8FD2-263C-4B70-B72A-5E1F9B49196D}.Ad-Hoc|iPhoneSimulator.Deploy.0 = Release|Any CPU
		{7B4B8FD2-263C-4B70-B72A-5E1F9B49196D}.Ad-Hoc|x64.ActiveCfg = Release|Any CPU
		{7B4B8FD2-263C-4B70-B72A-5E1F9B49196D}.Ad-Hoc|x64.Build.0 = Release|Any CPU
		{7B4B8FD2-263C-4B70-B72A-5E1F9B49196D}.Ad-Hoc|x64.Deploy.0 = Release|Any CPU
		{7B4B8FD2-263C-4B70-B72A-5E1F9B49196D}.Ad-Hoc|x86.ActiveCfg = Release|x86
		{7B4B8FD2-263C-4B70-B72A-5E1F9B49196D}.Ad-Hoc|x86.Build.0 = Release|x86
		{7B4B8FD2-263C-4B70-B72A-5E1F9B49196D}.Ad-Hoc|x86.Deploy.0 = Release|x86
		{7B4B8FD2-263C-4B70-B72A-5E1F9B49196D}.AppStore|Any CPU.ActiveCfg = Release|Any CPU
		{7B4B8FD2-263C-4B70-B72A-5E1F9B49196D}.AppStore|Any CPU.Build.0 = Release|Any CPU
		{7B4B8FD2-263C-4B70-B72A-5E1F9B49196D}.AppStore|Any CPU.Deploy.0 = Release|Any CPU
		{7B4B8FD2-263C-4B70-B72A-5E1F9B49196D}.AppStore|ARM.ActiveCfg = Release|ARM
		{7B4B8FD2-263C-4B70-B72A-5E1F9B49196D}.AppStore|ARM.Build.0 = Release|ARM
		{7B4B8FD2-263C-4B70-B72A-5E1F9B49196D}.AppStore|ARM.Deploy.0 = Release|ARM
		{7B4B8FD2-263C-4B70-B72A-5E1F9B49196D}.AppStore|iPhone.ActiveCfg = Release|Any CPU
		{7B4B8FD2-263C-4B70-B72A-5E1F9B49196D}.AppStore|iPhone.Build.0 = Release|Any CPU
		{7B4B8FD2-263C-4B70-B72A-5E1F9B49196D}.AppStore|iPhone.Deploy.0 = Release|Any CPU
		{7B4B8FD2-263C-4B70-B72A-5E1F9B49196D}.AppStore|iPhoneSimulator.ActiveCfg = Release|Any CPU
		{7B4B8FD2-263C-4B70-B72A-5E1F9B49196D}.AppStore|iPhoneSimulator.Build.0 = Release|Any CPU
		{7B4B8FD2-263C-4B70-B72A-5E1F9B49196D}.AppStore|iPhoneSimulator.Deploy.0 = Release|Any CPU
		{7B4B8FD2-263C-4B70-B72A-5E1F9B49196D}.AppStore|x64.ActiveCfg = Release|Any CPU
		{7B4B8FD2-263C-4B70-B72A-5E1F9B49196D}.AppStore|x64.Build.0 = Release|Any CPU
		{7B4B8FD2-263C-4B70-B72A-5E1F9B49196D}.AppStore|x64.Deploy.0 = Release|Any CPU
		{7B4B8FD2-263C-4B70-B72A-5E1F9B49196D}.AppStore|x86.ActiveCfg = Release|x86
		{7B4B8FD2-263C-4B70-B72A-5E1F9B49196D}.AppStore|x86.Build.0 = Release|x86
		{7B4B8FD2-263C-4B70-B72A-5E1F9B49196D}.AppStore|x86.Deploy.0 = Release|x86
		{7B4B8FD2-263C-4B70-B72A-5E1F9B49196D}.Debug|Any CPU.ActiveCfg = Debug|Any CPU
		{7B4B8FD2-263C-4B70-B72A-5E1F9B49196D}.Debug|Any CPU.Build.0 = Debug|Any CPU
		{7B4B8FD2-263C-4B70-B72A-5E1F9B49196D}.Debug|Any CPU.Deploy.0 = Debug|Any CPU
		{7B4B8FD2-263C-4B70-B72A-5E1F9B49196D}.Debug|ARM.ActiveCfg = Debug|ARM
		{7B4B8FD2-263C-4B70-B72A-5E1F9B49196D}.Debug|ARM.Build.0 = Debug|ARM
		{7B4B8FD2-263C-4B70-B72A-5E1F9B49196D}.Debug|ARM.Deploy.0 = Debug|ARM
		{7B4B8FD2-263C-4B70-B72A-5E1F9B49196D}.Debug|iPhone.ActiveCfg = Debug|Any CPU
		{7B4B8FD2-263C-4B70-B72A-5E1F9B49196D}.Debug|iPhone.Build.0 = Debug|Any CPU
		{7B4B8FD2-263C-4B70-B72A-5E1F9B49196D}.Debug|iPhone.Deploy.0 = Debug|Any CPU
		{7B4B8FD2-263C-4B70-B72A-5E1F9B49196D}.Debug|iPhoneSimulator.ActiveCfg = Debug|Any CPU
		{7B4B8FD2-263C-4B70-B72A-5E1F9B49196D}.Debug|iPhoneSimulator.Build.0 = Debug|Any CPU
		{7B4B8FD2-263C-4B70-B72A-5E1F9B49196D}.Debug|iPhoneSimulator.Deploy.0 = Debug|Any CPU
		{7B4B8FD2-263C-4B70-B72A-5E1F9B49196D}.Debug|x64.ActiveCfg = Debug|Any CPU
		{7B4B8FD2-263C-4B70-B72A-5E1F9B49196D}.Debug|x64.Build.0 = Debug|Any CPU
		{7B4B8FD2-263C-4B70-B72A-5E1F9B49196D}.Debug|x64.Deploy.0 = Debug|Any CPU
		{7B4B8FD2-263C-4B70-B72A-5E1F9B49196D}.Debug|x86.ActiveCfg = Debug|x86
		{7B4B8FD2-263C-4B70-B72A-5E1F9B49196D}.Debug|x86.Build.0 = Debug|x86
		{7B4B8FD2-263C-4B70-B72A-5E1F9B49196D}.Debug|x86.Deploy.0 = Debug|x86
		{7B4B8FD2-263C-4B70-B72A-5E1F9B49196D}.Release|Any CPU.ActiveCfg = Release|Any CPU
		{7B4B8FD2-263C-4B70-B72A-5E1F9B49196D}.Release|Any CPU.Build.0 = Release|Any CPU
		{7B4B8FD2-263C-4B70-B72A-5E1F9B49196D}.Release|Any CPU.Deploy.0 = Release|Any CPU
		{7B4B8FD2-263C-4B70-B72A-5E1F9B49196D}.Release|ARM.ActiveCfg = Release|ARM
		{7B4B8FD2-263C-4B70-B72A-5E1F9B49196D}.Release|ARM.Build.0 = Release|ARM
		{7B4B8FD2-263C-4B70-B72A-5E1F9B49196D}.Release|ARM.Deploy.0 = Release|ARM
		{7B4B8FD2-263C-4B70-B72A-5E1F9B49196D}.Release|iPhone.ActiveCfg = Release|Any CPU
		{7B4B8FD2-263C-4B70-B72A-5E1F9B49196D}.Release|iPhone.Build.0 = Release|Any CPU
		{7B4B8FD2-263C-4B70-B72A-5E1F9B49196D}.Release|iPhone.Deploy.0 = Release|Any CPU
		{7B4B8FD2-263C-4B70-B72A-5E1F9B49196D}.Release|iPhoneSimulator.ActiveCfg = Release|Any CPU
		{7B4B8FD2-263C-4B70-B72A-5E1F9B49196D}.Release|iPhoneSimulator.Build.0 = Release|Any CPU
		{7B4B8FD2-263C-4B70-B72A-5E1F9B49196D}.Release|iPhoneSimulator.Deploy.0 = Release|Any CPU
		{7B4B8FD2-263C-4B70-B72A-5E1F9B49196D}.Release|x64.ActiveCfg = Release|Any CPU
		{7B4B8FD2-263C-4B70-B72A-5E1F9B49196D}.Release|x64.Build.0 = Release|Any CPU
		{7B4B8FD2-263C-4B70-B72A-5E1F9B49196D}.Release|x64.Deploy.0 = Release|Any CPU
		{7B4B8FD2-263C-4B70-B72A-5E1F9B49196D}.Release|x86.ActiveCfg = Release|x86
		{7B4B8FD2-263C-4B70-B72A-5E1F9B49196D}.Release|x86.Build.0 = Release|x86
		{7B4B8FD2-263C-4B70-B72A-5E1F9B49196D}.Release|x86.Deploy.0 = Release|x86
		{664BE61B-5ED6-4D1C-96A1-1E594B653D75}.Ad-Hoc|Any CPU.ActiveCfg = Release|x86
		{664BE61B-5ED6-4D1C-96A1-1E594B653D75}.Ad-Hoc|Any CPU.Build.0 = Release|x86
		{664BE61B-5ED6-4D1C-96A1-1E594B653D75}.Ad-Hoc|Any CPU.Deploy.0 = Release|x86
		{664BE61B-5ED6-4D1C-96A1-1E594B653D75}.Ad-Hoc|ARM.ActiveCfg = Release|ARM
		{664BE61B-5ED6-4D1C-96A1-1E594B653D75}.Ad-Hoc|ARM.Build.0 = Release|ARM
		{664BE61B-5ED6-4D1C-96A1-1E594B653D75}.Ad-Hoc|ARM.Deploy.0 = Release|ARM
		{664BE61B-5ED6-4D1C-96A1-1E594B653D75}.Ad-Hoc|iPhone.ActiveCfg = Release|x86
		{664BE61B-5ED6-4D1C-96A1-1E594B653D75}.Ad-Hoc|iPhone.Build.0 = Release|x86
		{664BE61B-5ED6-4D1C-96A1-1E594B653D75}.Ad-Hoc|iPhone.Deploy.0 = Release|x86
		{664BE61B-5ED6-4D1C-96A1-1E594B653D75}.Ad-Hoc|iPhoneSimulator.ActiveCfg = Release|x86
		{664BE61B-5ED6-4D1C-96A1-1E594B653D75}.Ad-Hoc|iPhoneSimulator.Build.0 = Release|x86
		{664BE61B-5ED6-4D1C-96A1-1E594B653D75}.Ad-Hoc|iPhoneSimulator.Deploy.0 = Release|x86
		{664BE61B-5ED6-4D1C-96A1-1E594B653D75}.Ad-Hoc|x64.ActiveCfg = Release|x64
		{664BE61B-5ED6-4D1C-96A1-1E594B653D75}.Ad-Hoc|x64.Build.0 = Release|x64
		{664BE61B-5ED6-4D1C-96A1-1E594B653D75}.Ad-Hoc|x64.Deploy.0 = Release|x64
		{664BE61B-5ED6-4D1C-96A1-1E594B653D75}.Ad-Hoc|x86.ActiveCfg = Release|x86
		{664BE61B-5ED6-4D1C-96A1-1E594B653D75}.Ad-Hoc|x86.Build.0 = Release|x86
		{664BE61B-5ED6-4D1C-96A1-1E594B653D75}.Ad-Hoc|x86.Deploy.0 = Release|x86
		{664BE61B-5ED6-4D1C-96A1-1E594B653D75}.AppStore|Any CPU.ActiveCfg = Release|x86
		{664BE61B-5ED6-4D1C-96A1-1E594B653D75}.AppStore|Any CPU.Build.0 = Release|x86
		{664BE61B-5ED6-4D1C-96A1-1E594B653D75}.AppStore|Any CPU.Deploy.0 = Release|x86
		{664BE61B-5ED6-4D1C-96A1-1E594B653D75}.AppStore|ARM.ActiveCfg = Release|ARM
		{664BE61B-5ED6-4D1C-96A1-1E594B653D75}.AppStore|ARM.Build.0 = Release|ARM
		{664BE61B-5ED6-4D1C-96A1-1E594B653D75}.AppStore|ARM.Deploy.0 = Release|ARM
		{664BE61B-5ED6-4D1C-96A1-1E594B653D75}.AppStore|iPhone.ActiveCfg = Release|x86
		{664BE61B-5ED6-4D1C-96A1-1E594B653D75}.AppStore|iPhone.Build.0 = Release|x86
		{664BE61B-5ED6-4D1C-96A1-1E594B653D75}.AppStore|iPhone.Deploy.0 = Release|x86
		{664BE61B-5ED6-4D1C-96A1-1E594B653D75}.AppStore|iPhoneSimulator.ActiveCfg = Release|x86
		{664BE61B-5ED6-4D1C-96A1-1E594B653D75}.AppStore|iPhoneSimulator.Build.0 = Release|x86
		{664BE61B-5ED6-4D1C-96A1-1E594B653D75}.AppStore|iPhoneSimulator.Deploy.0 = Release|x86
		{664BE61B-5ED6-4D1C-96A1-1E594B653D75}.AppStore|x64.ActiveCfg = Release|x64
		{664BE61B-5ED6-4D1C-96A1-1E594B653D75}.AppStore|x64.Build.0 = Release|x64
		{664BE61B-5ED6-4D1C-96A1-1E594B653D75}.AppStore|x64.Deploy.0 = Release|x64
		{664BE61B-5ED6-4D1C-96A1-1E594B653D75}.AppStore|x86.ActiveCfg = Release|x86
		{664BE61B-5ED6-4D1C-96A1-1E594B653D75}.AppStore|x86.Build.0 = Release|x86
		{664BE61B-5ED6-4D1C-96A1-1E594B653D75}.AppStore|x86.Deploy.0 = Release|x86
		{664BE61B-5ED6-4D1C-96A1-1E594B653D75}.Debug|Any CPU.ActiveCfg = Debug|x86
		{664BE61B-5ED6-4D1C-96A1-1E594B653D75}.Debug|ARM.ActiveCfg = Debug|ARM
		{664BE61B-5ED6-4D1C-96A1-1E594B653D75}.Debug|ARM.Build.0 = Debug|ARM
		{664BE61B-5ED6-4D1C-96A1-1E594B653D75}.Debug|ARM.Deploy.0 = Debug|ARM
		{664BE61B-5ED6-4D1C-96A1-1E594B653D75}.Debug|iPhone.ActiveCfg = Debug|x86
		{664BE61B-5ED6-4D1C-96A1-1E594B653D75}.Debug|iPhoneSimulator.ActiveCfg = Debug|x86
		{664BE61B-5ED6-4D1C-96A1-1E594B653D75}.Debug|x64.ActiveCfg = Debug|x64
		{664BE61B-5ED6-4D1C-96A1-1E594B653D75}.Debug|x64.Build.0 = Debug|x64
		{664BE61B-5ED6-4D1C-96A1-1E594B653D75}.Debug|x64.Deploy.0 = Debug|x64
		{664BE61B-5ED6-4D1C-96A1-1E594B653D75}.Debug|x86.ActiveCfg = Debug|x86
		{664BE61B-5ED6-4D1C-96A1-1E594B653D75}.Debug|x86.Build.0 = Debug|x86
		{664BE61B-5ED6-4D1C-96A1-1E594B653D75}.Debug|x86.Deploy.0 = Debug|x86
		{664BE61B-5ED6-4D1C-96A1-1E594B653D75}.Release|Any CPU.ActiveCfg = Release|x86
		{664BE61B-5ED6-4D1C-96A1-1E594B653D75}.Release|ARM.ActiveCfg = Release|ARM
		{664BE61B-5ED6-4D1C-96A1-1E594B653D75}.Release|ARM.Build.0 = Release|ARM
		{664BE61B-5ED6-4D1C-96A1-1E594B653D75}.Release|ARM.Deploy.0 = Release|ARM
		{664BE61B-5ED6-4D1C-96A1-1E594B653D75}.Release|iPhone.ActiveCfg = Release|x86
		{664BE61B-5ED6-4D1C-96A1-1E594B653D75}.Release|iPhoneSimulator.ActiveCfg = Release|x86
		{664BE61B-5ED6-4D1C-96A1-1E594B653D75}.Release|x64.ActiveCfg = Release|x64
		{664BE61B-5ED6-4D1C-96A1-1E594B653D75}.Release|x64.Build.0 = Release|x64
		{664BE61B-5ED6-4D1C-96A1-1E594B653D75}.Release|x64.Deploy.0 = Release|x64
		{664BE61B-5ED6-4D1C-96A1-1E594B653D75}.Release|x86.ActiveCfg = Release|x86
		{664BE61B-5ED6-4D1C-96A1-1E594B653D75}.Release|x86.Build.0 = Release|x86
		{664BE61B-5ED6-4D1C-96A1-1E594B653D75}.Release|x86.Deploy.0 = Release|x86
		{6FBC9F36-AABC-4EE4-A2DB-C6405B51D46B}.Ad-Hoc|Any CPU.ActiveCfg = Release|Any CPU
		{6FBC9F36-AABC-4EE4-A2DB-C6405B51D46B}.Ad-Hoc|Any CPU.Build.0 = Release|Any CPU
		{6FBC9F36-AABC-4EE4-A2DB-C6405B51D46B}.Ad-Hoc|Any CPU.Deploy.0 = Release|Any CPU
		{6FBC9F36-AABC-4EE4-A2DB-C6405B51D46B}.Ad-Hoc|ARM.ActiveCfg = Release|ARM
		{6FBC9F36-AABC-4EE4-A2DB-C6405B51D46B}.Ad-Hoc|ARM.Build.0 = Release|ARM
		{6FBC9F36-AABC-4EE4-A2DB-C6405B51D46B}.Ad-Hoc|ARM.Deploy.0 = Release|ARM
		{6FBC9F36-AABC-4EE4-A2DB-C6405B51D46B}.Ad-Hoc|iPhone.ActiveCfg = Release|Any CPU
		{6FBC9F36-AABC-4EE4-A2DB-C6405B51D46B}.Ad-Hoc|iPhone.Build.0 = Release|Any CPU
		{6FBC9F36-AABC-4EE4-A2DB-C6405B51D46B}.Ad-Hoc|iPhone.Deploy.0 = Release|Any CPU
		{6FBC9F36-AABC-4EE4-A2DB-C6405B51D46B}.Ad-Hoc|iPhoneSimulator.ActiveCfg = Release|Any CPU
		{6FBC9F36-AABC-4EE4-A2DB-C6405B51D46B}.Ad-Hoc|iPhoneSimulator.Build.0 = Release|Any CPU
		{6FBC9F36-AABC-4EE4-A2DB-C6405B51D46B}.Ad-Hoc|iPhoneSimulator.Deploy.0 = Release|Any CPU
		{6FBC9F36-AABC-4EE4-A2DB-C6405B51D46B}.Ad-Hoc|x64.ActiveCfg = Release|x64
		{6FBC9F36-AABC-4EE4-A2DB-C6405B51D46B}.Ad-Hoc|x64.Build.0 = Release|x64
		{6FBC9F36-AABC-4EE4-A2DB-C6405B51D46B}.Ad-Hoc|x64.Deploy.0 = Release|x64
		{6FBC9F36-AABC-4EE4-A2DB-C6405B51D46B}.Ad-Hoc|x86.ActiveCfg = Release|x86
		{6FBC9F36-AABC-4EE4-A2DB-C6405B51D46B}.Ad-Hoc|x86.Build.0 = Release|x86
		{6FBC9F36-AABC-4EE4-A2DB-C6405B51D46B}.Ad-Hoc|x86.Deploy.0 = Release|x86
		{6FBC9F36-AABC-4EE4-A2DB-C6405B51D46B}.AppStore|Any CPU.ActiveCfg = Release|Any CPU
		{6FBC9F36-AABC-4EE4-A2DB-C6405B51D46B}.AppStore|Any CPU.Build.0 = Release|Any CPU
		{6FBC9F36-AABC-4EE4-A2DB-C6405B51D46B}.AppStore|Any CPU.Deploy.0 = Release|Any CPU
		{6FBC9F36-AABC-4EE4-A2DB-C6405B51D46B}.AppStore|ARM.ActiveCfg = Release|ARM
		{6FBC9F36-AABC-4EE4-A2DB-C6405B51D46B}.AppStore|ARM.Build.0 = Release|ARM
		{6FBC9F36-AABC-4EE4-A2DB-C6405B51D46B}.AppStore|ARM.Deploy.0 = Release|ARM
		{6FBC9F36-AABC-4EE4-A2DB-C6405B51D46B}.AppStore|iPhone.ActiveCfg = Release|Any CPU
		{6FBC9F36-AABC-4EE4-A2DB-C6405B51D46B}.AppStore|iPhone.Build.0 = Release|Any CPU
		{6FBC9F36-AABC-4EE4-A2DB-C6405B51D46B}.AppStore|iPhone.Deploy.0 = Release|Any CPU
		{6FBC9F36-AABC-4EE4-A2DB-C6405B51D46B}.AppStore|iPhoneSimulator.ActiveCfg = Release|Any CPU
		{6FBC9F36-AABC-4EE4-A2DB-C6405B51D46B}.AppStore|iPhoneSimulator.Build.0 = Release|Any CPU
		{6FBC9F36-AABC-4EE4-A2DB-C6405B51D46B}.AppStore|iPhoneSimulator.Deploy.0 = Release|Any CPU
		{6FBC9F36-AABC-4EE4-A2DB-C6405B51D46B}.AppStore|x64.ActiveCfg = Release|x64
		{6FBC9F36-AABC-4EE4-A2DB-C6405B51D46B}.AppStore|x64.Build.0 = Release|x64
		{6FBC9F36-AABC-4EE4-A2DB-C6405B51D46B}.AppStore|x64.Deploy.0 = Release|x64
		{6FBC9F36-AABC-4EE4-A2DB-C6405B51D46B}.AppStore|x86.ActiveCfg = Release|x86
		{6FBC9F36-AABC-4EE4-A2DB-C6405B51D46B}.AppStore|x86.Build.0 = Release|x86
		{6FBC9F36-AABC-4EE4-A2DB-C6405B51D46B}.AppStore|x86.Deploy.0 = Release|x86
		{6FBC9F36-AABC-4EE4-A2DB-C6405B51D46B}.Debug|Any CPU.ActiveCfg = Debug|Any CPU
		{6FBC9F36-AABC-4EE4-A2DB-C6405B51D46B}.Debug|Any CPU.Build.0 = Debug|Any CPU
		{6FBC9F36-AABC-4EE4-A2DB-C6405B51D46B}.Debug|Any CPU.Deploy.0 = Debug|Any CPU
		{6FBC9F36-AABC-4EE4-A2DB-C6405B51D46B}.Debug|ARM.ActiveCfg = Debug|ARM
		{6FBC9F36-AABC-4EE4-A2DB-C6405B51D46B}.Debug|ARM.Build.0 = Debug|ARM
		{6FBC9F36-AABC-4EE4-A2DB-C6405B51D46B}.Debug|ARM.Deploy.0 = Debug|ARM
		{6FBC9F36-AABC-4EE4-A2DB-C6405B51D46B}.Debug|iPhone.ActiveCfg = Debug|Any CPU
		{6FBC9F36-AABC-4EE4-A2DB-C6405B51D46B}.Debug|iPhone.Build.0 = Debug|Any CPU
		{6FBC9F36-AABC-4EE4-A2DB-C6405B51D46B}.Debug|iPhone.Deploy.0 = Debug|Any CPU
		{6FBC9F36-AABC-4EE4-A2DB-C6405B51D46B}.Debug|iPhoneSimulator.ActiveCfg = Debug|Any CPU
		{6FBC9F36-AABC-4EE4-A2DB-C6405B51D46B}.Debug|iPhoneSimulator.Build.0 = Debug|Any CPU
		{6FBC9F36-AABC-4EE4-A2DB-C6405B51D46B}.Debug|iPhoneSimulator.Deploy.0 = Debug|Any CPU
		{6FBC9F36-AABC-4EE4-A2DB-C6405B51D46B}.Debug|x64.ActiveCfg = Debug|x64
		{6FBC9F36-AABC-4EE4-A2DB-C6405B51D46B}.Debug|x64.Build.0 = Debug|x64
		{6FBC9F36-AABC-4EE4-A2DB-C6405B51D46B}.Debug|x64.Deploy.0 = Debug|x64
		{6FBC9F36-AABC-4EE4-A2DB-C6405B51D46B}.Debug|x86.ActiveCfg = Debug|x86
		{6FBC9F36-AABC-4EE4-A2DB-C6405B51D46B}.Debug|x86.Build.0 = Debug|x86
		{6FBC9F36-AABC-4EE4-A2DB-C6405B51D46B}.Debug|x86.Deploy.0 = Debug|x86
		{6FBC9F36-AABC-4EE4-A2DB-C6405B51D46B}.Release|Any CPU.ActiveCfg = Release|Any CPU
		{6FBC9F36-AABC-4EE4-A2DB-C6405B51D46B}.Release|Any CPU.Build.0 = Release|Any CPU
		{6FBC9F36-AABC-4EE4-A2DB-C6405B51D46B}.Release|Any CPU.Deploy.0 = Release|Any CPU
		{6FBC9F36-AABC-4EE4-A2DB-C6405B51D46B}.Release|ARM.ActiveCfg = Release|ARM
		{6FBC9F36-AABC-4EE4-A2DB-C6405B51D46B}.Release|ARM.Build.0 = Release|ARM
		{6FBC9F36-AABC-4EE4-A2DB-C6405B51D46B}.Release|ARM.Deploy.0 = Release|ARM
		{6FBC9F36-AABC-4EE4-A2DB-C6405B51D46B}.Release|iPhone.ActiveCfg = Release|Any CPU
		{6FBC9F36-AABC-4EE4-A2DB-C6405B51D46B}.Release|iPhone.Build.0 = Release|Any CPU
		{6FBC9F36-AABC-4EE4-A2DB-C6405B51D46B}.Release|iPhone.Deploy.0 = Release|Any CPU
		{6FBC9F36-AABC-4EE4-A2DB-C6405B51D46B}.Release|iPhoneSimulator.ActiveCfg = Release|Any CPU
		{6FBC9F36-AABC-4EE4-A2DB-C6405B51D46B}.Release|iPhoneSimulator.Build.0 = Release|Any CPU
		{6FBC9F36-AABC-4EE4-A2DB-C6405B51D46B}.Release|iPhoneSimulator.Deploy.0 = Release|Any CPU
		{6FBC9F36-AABC-4EE4-A2DB-C6405B51D46B}.Release|x64.ActiveCfg = Release|x64
		{6FBC9F36-AABC-4EE4-A2DB-C6405B51D46B}.Release|x64.Build.0 = Release|x64
		{6FBC9F36-AABC-4EE4-A2DB-C6405B51D46B}.Release|x64.Deploy.0 = Release|x64
		{6FBC9F36-AABC-4EE4-A2DB-C6405B51D46B}.Release|x86.ActiveCfg = Release|x86
		{6FBC9F36-AABC-4EE4-A2DB-C6405B51D46B}.Release|x86.Build.0 = Release|x86
		{6FBC9F36-AABC-4EE4-A2DB-C6405B51D46B}.Release|x86.Deploy.0 = Release|x86
	EndGlobalSection
	GlobalSection(SolutionProperties) = preSolution
		HideSolutionNode = FALSE
	EndGlobalSection
EndGlobal
